{
  "originHash" : "c245a2d1d6fe05069cc99b80e4c5e0ff4c017cd70e3be15559ecb1898b7a5568",
  "pins" : [
    {
      "identity" : "ios-sdk",
      "kind" : "remoteSourceControl",
      "location" : "https://github.com/rozetkapay/ios-sdk",
      "state" : {
        "revision" : "bedf0cefefcf40edd3d1543230d9f70a8b9b614a",
        "version" : "0.3.9"
      }
    }
  ],
  "version" : 3
}
