{
  "originHash" : "c245a2d1d6fe05069cc99b80e4c5e0ff4c017cd70e3be15559ecb1898b7a5568",
  "pins" : [
    {
      "identity" : "ios-sdk",
      "kind" : "remoteSourceControl",
      "location" : "https://github.com/rozetkapay/ios-sdk",
      "state" : {
        "revision" : "314a1b9aa82839d163c1a4c67ddff1bc96b56c9e",
        "version" : "0.2.2"
      }
    }
  ],
  "version" : 3
}
