{
  "originHash" : "c245a2d1d6fe05069cc99b80e4c5e0ff4c017cd70e3be15559ecb1898b7a5568",
  "pins" : [
    {
      "identity" : "ios-sdk",
      "kind" : "remoteSourceControl",
      "location" : "https://github.com/rozetkapay/ios-sdk",
      "state" : {
        "revision" : "bf4a31eb10671738fee5d5bda7d114a60ea353bf",
        "version" : "0.3.6"
      }
    }
  ],
  "version" : 3
}
